
Microsoft Visual Studio Solution File, Format Version 12.00
# Visual Studio Version 16
VisualStudioVersion = 16.0.30804.86
MinimumVisualStudioVersion = 10.0.40219.1
Project("{9A19103F-16F7-4668-BE54-9A1E7A4F7556}") = "BirthdayFunction", "BirthdayFunction.csproj", "{7CF33C13-6D3C-482E-8A70-2ACC38A0CAC1}"
EndProject
Global
	GlobalSection(SolutionConfigurationPlatforms) = preSolution
		Debug|Any CPU = Debug|Any CPU
		Release|Any CPU = Release|Any CPU
	EndGlobalSection
	GlobalSection(ProjectConfigurationPlatforms) = postSolution
		{7CF33C13-6D3C-482E-8A70-2ACC38A0CAC1}.Debug|Any CPU.ActiveCfg = Debug|Any CPU
		{7CF33C13-6D3C-482E-8A70-2ACC38A0CAC1}.Debug|Any CPU.Build.0 = Debug|Any CPU
		{7CF33C13-6D3C-482E-8A70-2ACC38A0CAC1}.Release|Any CPU.ActiveCfg = Release|Any CPU
		{7CF33C13-6D3C-482E-8A70-2ACC38A0CAC1}.Release|Any CPU.Build.0 = Release|Any CPU
	EndGlobalSection
	GlobalSection(SolutionProperties) = preSolution
		HideSolutionNode = FALSE
	EndGlobalSection
	GlobalSection(ExtensibilityGlobals) = postSolution
		SolutionGuid = {399E617E-C96B-4800-93DE-A5D15ACB38CD}
	EndGlobalSection
EndGlobal
